
Microsoft Visual Studio Solution File, Format Version 12.00
# Visual Studio Version 17
VisualStudioVersion = 17.3.32929.385
MinimumVisualStudioVersion = 10.0.40219.1
Project("{FAE04EC0-301F-11D3-BF4B-00C04F79EFBC}") = "WallpaperApp", "WallpaperApp\WallpaperApp.csproj", "{4A87E663-49AD-4CBC-AA67-1E62AA1F646A}"
EndProject
Global
	GlobalSection(SolutionConfigurationPlatforms) = preSolution
		Debug|Any CPU = Debug|Any CPU
		Release|Any CPU = Release|Any CPU
	EndGlobalSection
	GlobalSection(ProjectConfigurationPlatforms) = postSolution
		{4A87E663-49AD-4CBC-AA67-1E62AA1F646A}.Debug|Any CPU.ActiveCfg = Debug|Any CPU
		{4A87E663-49AD-4CBC-AA67-1E62AA1F646A}.Debug|Any CPU.Build.0 = Debug|Any CPU
		{4A87E663-49AD-4CBC-AA67-1E62AA1F646A}.Release|Any CPU.ActiveCfg = Release|Any CPU
		{4A87E663-49AD-4CBC-AA67-1E62AA1F646A}.Release|Any CPU.Build.0 = Release|Any CPU
	EndGlobalSection
	GlobalSection(SolutionProperties) = preSolution
		HideSolutionNode = FALSE
	EndGlobalSection
	GlobalSection(ExtensibilityGlobals) = postSolution
		SolutionGuid = {714FECE4-312F-4DC3-8D70-C0B0CA303EAA}
	EndGlobalSection
EndGlobal
